
Microsoft Visual Studio Solution File, Format Version 12.00
# Visual Studio 15
Project("{FAE04EC0-301F-11D3-BF4B-00C04F79EFBC}") = "Robots Strike", "Assembly-CSharp-firstpass.csproj", "{58DC22BD-226A-91B8-6D5E-25E4561E1DB6}"
EndProject
Project("{FAE04EC0-301F-11D3-BF4B-00C04F79EFBC}") = "Robots Strike", "Assembly-CSharp.csproj", "{8361F555-D12D-B085-E6A8-66FC6D39B011}"
EndProject
Project("{FAE04EC0-301F-11D3-BF4B-00C04F79EFBC}") = "Robots Strike", "Assembly-CSharp-Editor-firstpass.csproj", "{4048B451-D874-C0D5-89F1-F1BA7EFD0B3E}"
EndProject
Global
	GlobalSection(SolutionConfigurationPlatforms) = preSolution
		Debug|Any CPU = Debug|Any CPU
		Release|Any CPU = Release|Any CPU
	EndGlobalSection
	GlobalSection(ProjectConfigurationPlatforms) = postSolution
		{58DC22BD-226A-91B8-6D5E-25E4561E1DB6}.Debug|Any CPU.ActiveCfg = Debug|Any CPU
		{58DC22BD-226A-91B8-6D5E-25E4561E1DB6}.Debug|Any CPU.Build.0 = Debug|Any CPU
		{58DC22BD-226A-91B8-6D5E-25E4561E1DB6}.Release|Any CPU.ActiveCfg = Release|Any CPU
		{58DC22BD-226A-91B8-6D5E-25E4561E1DB6}.Release|Any CPU.Build.0 = Release|Any CPU
		{8361F555-D12D-B085-E6A8-66FC6D39B011}.Debug|Any CPU.ActiveCfg = Debug|Any CPU
		{8361F555-D12D-B085-E6A8-66FC6D39B011}.Debug|Any CPU.Build.0 = Debug|Any CPU
		{8361F555-D12D-B085-E6A8-66FC6D39B011}.Release|Any CPU.ActiveCfg = Release|Any CPU
		{8361F555-D12D-B085-E6A8-66FC6D39B011}.Release|Any CPU.Build.0 = Release|Any CPU
		{4048B451-D874-C0D5-89F1-F1BA7EFD0B3E}.Debug|Any CPU.ActiveCfg = Debug|Any CPU
		{4048B451-D874-C0D5-89F1-F1BA7EFD0B3E}.Debug|Any CPU.Build.0 = Debug|Any CPU
		{4048B451-D874-C0D5-89F1-F1BA7EFD0B3E}.Release|Any CPU.ActiveCfg = Release|Any CPU
		{4048B451-D874-C0D5-89F1-F1BA7EFD0B3E}.Release|Any CPU.Build.0 = Release|Any CPU
	EndGlobalSection
	GlobalSection(SolutionProperties) = preSolution
		HideSolutionNode = FALSE
	EndGlobalSection
EndGlobal
